// !$*UTF8*$!
{
	archiveVersion = 1;
	classes = {
	};
	objectVersion = 46;
	objects = {

/* Begin PBXBuildFile section */
		6DBDD0B71D9B8396002DA8E4 /* AppDelegate.swift in Sources */ = {isa = PBXBuildFile; fileRef = 6DBDD0B61D9B8396002DA8E4 /* AppDelegate.swift */; };
		6DBDD0B91D9B8396002DA8E4 /* ViewController.swift in Sources */ = {isa = PBXBuildFile; fileRef = 6DBDD0B81D9B8396002DA8E4 /* ViewController.swift */; };
		6DBDD0BC1D9B8396002DA8E4 /* Main.storyboard in Resources */ = {isa = PBXBuildFile; fileRef = 6DBDD0BA1D9B8396002DA8E4 /* Main.storyboard */; };
		6DBDD0BE1D9B8396002DA8E4 /* Assets.xcassets in Resources */ = {isa = PBXBuildFile; fileRef = 6DBDD0BD1D9B8396002DA8E4 /* Assets.xcassets */; };
		6DBDD0C11D9B8396002DA8E4 /* LaunchScreen.storyboard in Resources */ = {isa = PBXBuildFile; fileRef = 6DBDD0BF1D9B8396002DA8E4 /* LaunchScreen.storyboard */; };
/* End PBXBuildFile section */

/* Begin PBXFileReference section */
		6DBDD0B31D9B8396002DA8E4 /* pokedex.app */ = {isa = PBXFileReference; explicitFileType = wrapper.application; includeInIndex = 0; path = pokedex.app; sourceTree = BUILT_PRODUCTS_DIR; };
		6DBDD0B61D9B8396002DA8E4 /* AppDelegate.swift */ = {isa = PBXFileReference; lastKnownFileType = sourcecode.swift; path = AppDelegate.swift; sourceTree = "<group>"; };
		6DBDD0B81D9B8396002DA8E4 /* ViewController.swift */ = {isa = PBXFileReference; lastKnownFileType = sourcecode.swift; path = ViewController.swift; sourceTree = "<group>"; };
		6DBDD0BB1D9B8396002DA8E4 /* Base */ = {isa = PBXFileReference; lastKnownFileType = file.storyboard; name = Base; path = Base.lproj/Main.storyboard; sourceTree = "<group>"; };
		6DBDD0BD1D9B8396002DA8E4 /* Assets.xcassets */ = {isa = PBXFileReference; lastKnownFileType = folder.assetcatalog; path = Assets.xcassets; sourceTree = "<group>"; };
		6DBDD0C01D9B8396002DA8E4 /* Base */ = {isa = PBXFileReference; lastKnownFileType = file.storyboard; name = Base; path = Base.lproj/LaunchScreen.storyboard; sourceTree = "<group>"; };
		6DBDD0C21D9B8396002DA8E4 /* Info.plist */ = {isa = PBXFileReference; lastKnownFileType = text.plist.xml; path = Info.plist; sourceTree = "<group>"; };
/* End PBXFileReference section */

/* Begin PBXFrameworksBuildPhase section */
		6DBDD0B01D9B8396002DA8E4 /* Frameworks */ = {
			isa = PBXFrameworksBuildPhase;
			buildActionMask = 2147483647;
			files = (
			);
			runOnlyForDeploymentPostprocessing = 0;
		};
/* End PBXFrameworksBuildPhase section */

/* Begin PBXGroup section */
		6DBDD0AA1D9B8396002DA8E4 = {
			isa = PBXGroup;
			children = (
				6DBDD0B51D9B8396002DA8E4 /* pokedex */,
				6DBDD0B41D9B8396002DA8E4 /* Products */,
			);
			sourceTree = "<group>";
		};
		6DBDD0B41D9B8396002DA8E4 /* Products */ = {
			isa = PBXGroup;
			children = (
				6DBDD0B31D9B8396002DA8E4 /* pokedex.app */,
			);
			name = Products;
			sourceTree = "<group>";
		};
		6DBDD0B51D9B8396002DA8E4 /* pokedex */ = {
			isa = PBXGroup;
			children = (
				6DBDD0B61D9B8396002DA8E4 /* AppDelegate.swift */,
				6DBDD0B81D9B8396002DA8E4 /* ViewController.swift */,
				6DBDD0BA1D9B8396002DA8E4 /* Main.storyboard */,
				6DBDD0BD1D9B8396002DA8E4 /* Assets.xcassets */,
				6DBDD0BF1D9B8396002DA8E4 /* LaunchScreen.storyboard */,
				6DBDD0C21D9B8396002DA8E4 /* Info.plist */,
			);
			path = pokedex;
			sourceTree = "<group>";
		};
/* End PBXGroup section */

/* Begin PBXNativeTarget section */
		6DBDD0B21D9B8396002DA8E4 /* pokedex */ = {
			isa = PBXNativeTarget;
			buildConfigurationList = 6DBDD0C51D9B8396002DA8E4 /* Build configuration list for PBXNativeTarget "pokedex" */;
			buildPhases = (
				6DBDD0AF1D9B8396002DA8E4 /* Sources */,
				6DBDD0B01D9B8396002DA8E4 /* Frameworks */,
				6DBDD0B11D9B8396002DA8E4 /* Resources */,
			);
			buildRules = (
			);
			dependencies = (
			);
			name = pokedex;
			productName = pokedex;
			productReference = 6DBDD0B31D9B8396002DA8E4 /* pokedex.app */;
			productType = "com.apple.product-type.application";
		};
/* End PBXNativeTarget section */

/* Begin PBXProject section */
		6DBDD0AB1D9B8396002DA8E4 /* Project object */ = {
			isa = PBXProject;
			attributes = {
				LastSwiftUpdateCheck = 0800;
				LastUpgradeCheck = 0800;
				ORGANIZATIONNAME = "Ateeth Kosuri";
				TargetAttributes = {
					6DBDD0B21D9B8396002DA8E4 = {
						CreatedOnToolsVersion = 8.0;
						DevelopmentTeam = 86R264W2HN;
						ProvisioningStyle = Automatic;
					};
				};
			};
			buildConfigurationList = 6DBDD0AE1D9B8396002DA8E4 /* Build configuration list for PBXProject "pokedex" */;
			compatibilityVersion = "Xcode 3.2";
			developmentRegion = English;
			hasScannedForEncodings = 0;
			knownRegions = (
				en,
				Base,
			);
			mainGroup = 6DBDD0AA1D9B8396002DA8E4;
			productRefGroup = 6DBDD0B41D9B8396002DA8E4 /* Products */;
			projectDirPath = "";
			projectRoot = "";
			targets = (
				6DBDD0B21D9B8396002DA8E4 /* pokedex */,
			);
		};
/* End PBXProject section */

/* Begin PBXResourcesBuildPhase section */
		6DBDD0B11D9B8396002DA8E4 /* Resources */ = {
			isa = PBXResourcesBuildPhase;
			buildActionMask = 2147483647;
			files = (
				6DBDD0C11D9B8396002DA8E4 /* LaunchScreen.storyboard in Resources */,
				6DBDD0BE1D9B8396002DA8E4 /* Assets.xcassets in Resources */,
				6DBDD0BC1D9B8396002DA8E4 /* Main.storyboard in Resources */,
			);
			runOnlyForDeploymentPostprocessing = 0;
		};
/* End PBXResourcesBuildPhase section */

/* Begin PBXSourcesBuildPhase section */
		6DBDD0AF1D9B8396002DA8E4 /* Sources */ = {
			isa = PBXSourcesBuildPhase;
			buildActionMask = 2147483647;
			files = (
				6DBDD0B91D9B8396002DA8E4 /* ViewController.swift in Sources */,
				6DBDD0B71D9B8396002DA8E4 /* AppDelegate.swift in Sources */,
			);
			runOnlyForDeploymentPostprocessing = 0;
		};
/* End PBXSourcesBuildPhase section */

/* Begin PBXVariantGroup section */
		6DBDD0BA1D9B8396002DA8E4 /* Main.storyboard */ = {
			isa = PBXVariantGroup;
			children = (
				6DBDD0BB1D9B8396002DA8E4 /* Base */,
			);
			name = Main.storyboard;
			sourceTree = "<group>";
		};
		6DBDD0BF1D9B8396002DA8E4 /* LaunchScreen.storyboard */ = {
			isa = PBXVariantGroup;
			children = (
				6DBDD0C01D9B8396002DA8E4 /* Base */,
			);
			name = LaunchScreen.storyboard;
			sourceTree = "<group>";
		};
/* End PBXVariantGroup section */

/* Begin XCBuildConfiguration section */
		6DBDD0C31D9B8396002DA8E4 /* Debug */ = {
			isa = XCBuildConfiguration;
			buildSettings = {
				ALWAYS_SEARCH_USER_PATHS = NO;
				CLANG_ANALYZER_NONNULL = YES;
				CLANG_CXX_LANGUAGE_STANDARD = "gnu++0x";
				CLANG_CXX_LIBRARY = "libc++";
				CLANG_ENABLE_MODULES = YES;
				CLANG_ENABLE_OBJC_ARC = YES;
				CLANG_WARN_BOOL_CONVERSION = YES;
				CLANG_WARN_CONSTANT_CONVERSION = YES;
				CLANG_WARN_DIRECT_OBJC_ISA_USAGE = YES_ERROR;
				CLANG_WARN_DOCUMENTATION_COMMENTS = YES;
				CLANG_WARN_EMPTY_BODY = YES;
				CLANG_WARN_ENUM_CONVERSION = YES;
				CLANG_WARN_INFINITE_RECURSION = YES;
				CLANG_WARN_INT_CONVERSION = YES;
				CLANG_WARN_OBJC_ROOT_CLASS = YES_ERROR;
				CLANG_WARN_SUSPICIOUS_MOVES = YES;
				CLANG_WARN_UNREACHABLE_CODE = YES;
				CLANG_WARN__DUPLICATE_METHOD_MATCH = YES;
				"CODE_SIGN_IDENTITY[sdk=iphoneos*]" = "iPhone Developer";
				COPY_PHASE_STRIP = NO;
				DEBUG_INFORMATION_FORMAT = dwarf;
				ENABLE_STRICT_OBJC_MSGSEND = YES;
				ENABLE_TESTABILITY = YES;
				GCC_C_LANGUAGE_STANDARD = gnu99;
				GCC_DYNAMIC_NO_PIC = NO;
				GCC_NO_COMMON_BLOCKS = YES;
				GCC_OPTIMIZATION_LEVEL = 0;
				GCC_PREPROCESSOR_DEFINITIONS = (
					"DEBUG=1",
					"$(inherited)",
				);
				GCC_WARN_64_TO_32_BIT_CONVERSION = YES;
				GCC_WARN_ABOUT_RETURN_TYPE = YES_ERROR;
				GCC_WARN_UNDECLARED_SELECTOR = YES;
				GCC_WARN_UNINITIALIZED_AUTOS = YES_AGGRESSIVE;
				GCC_WARN_UNUSED_FUNCTION = YES;
				GCC_WARN_UNUSED_VARIABLE = YES;
				IPHONEOS_DEPLOYMENT_TARGET = 10.0;
				MTL_ENABLE_DEBUG_INFO = YES;
				ONLY_ACTIVE_ARCH = YES;
				SDKROOT = iphoneos;
				SWIFT_ACTIVE_COMPILATION_CONDITIONS = DEBUG;
				SWIFT_OPTIMIZATION_LEVEL = "-Onone";
			};
			name = Debug;
		};
		6DBDD0C41D9B8396002DA8E4 /* Release */ = {
			isa = XCBuildConfiguration;
			buildSettings = {
				ALWAYS_SEARCH_USER_PATHS = NO;
				CLANG_ANALYZER_NONNULL = YES;
				CLANG_CXX_LANGUAGE_STANDARD = "gnu++0x";
				CLANG_CXX_LIBRARY = "libc++";
				CLANG_ENABLE_MODULES = YES;
				CLANG_ENABLE_OBJC_ARC = YES;
				CLANG_WARN_BOOL_CONVERSION = YES;
				CLANG_WARN_CONSTANT_CONVERSION = YES;
				CLANG_WARN_DIRECT_OBJC_ISA_USAGE = YES_ERROR;
				CLANG_WARN_DOCUMENTATION_COMMENTS = YES;
				CLANG_WARN_EMPTY_BODY = YES;
				CLANG_WARN_ENUM_CONVERSION = YES;
				CLANG_WARN_INFINITE_RECURSION = YES;
				CLANG_WARN_INT_CONVERSION = YES;
				CLANG_WARN_OBJC_ROOT_CLASS = YES_ERROR;
				CLANG_WARN_SUSPICIOUS_MOVES = YES;
				CLANG_WARN_UNREACHABLE_CODE = YES;
				CLANG_WARN__DUPLICATE_METHOD_MATCH = YES;
				"CODE_SIGN_IDENTITY[sdk=iphoneos*]" = "iPhone Developer";
				COPY_PHASE_STRIP = NO;
				DEBUG_INFORMATION_FORMAT = "dwarf-with-dsym";
				ENABLE_NS_ASSERTIONS = NO;
				ENABLE_STRICT_OBJC_MSGSEND = YES;
				GCC_C_LANGUAGE_STANDARD = gnu99;
				GCC_NO_COMMON_BLOCKS = YES;
				GCC_WARN_64_TO_32_BIT_CONVERSION = YES;
				GCC_WARN_ABOUT_RETURN_TYPE = YES_ERROR;
				GCC_WARN_UNDECLARED_SELECTOR = YES;
				GCC_WARN_UNINITIALIZED_AUTOS = YES_AGGRESSIVE;
				GCC_WARN_UNUSED_FUNCTION = YES;
				GCC_WARN_UNUSED_VARIABLE = YES;
				IPHONEOS_DEPLOYMENT_TARGET = 10.0;
				MTL_ENABLE_DEBUG_INFO = NO;
				SDKROOT = iphoneos;
				SWIFT_OPTIMIZATION_LEVEL = "-Owholemodule";
				VALIDATE_PRODUCT = YES;
			};
			name = Release;
		};
		6DBDD0C61D9B8396002DA8E4 /* Debug */ = {
			isa = XCBuildConfiguration;
			buildSettings = {
				ASSETCATALOG_COMPILER_APPICON_NAME = AppIcon;
				DEVELOPMENT_TEAM = 86R264W2HN;
				INFOPLIST_FILE = pokedex/Info.plist;
				LD_RUNPATH_SEARCH_PATHS = "$(inherited) @executable_path/Frameworks";
				PRODUCT_BUNDLE_IDENTIFIER = com.ateethkosuri.pokedex;
				PRODUCT_NAME = "$(TARGET_NAME)";
				SWIFT_VERSION = 3.0;
			};
			name = Debug;
		};
		6DBDD0C71D9B8396002DA8E4 /* Release */ = {
			isa = XCBuildConfiguration;
			buildSettings = {
				ASSETCATALOG_COMPILER_APPICON_NAME = AppIcon;
				DEVELOPMENT_TEAM = 86R264W2HN;
				INFOPLIST_FILE = pokedex/Info.plist;
				LD_RUNPATH_SEARCH_PATHS = "$(inherited) @executable_path/Frameworks";
				PRODUCT_BUNDLE_IDENTIFIER = com.ateethkosuri.pokedex;
				PRODUCT_NAME = "$(TARGET_NAME)";
				SWIFT_VERSION = 3.0;
			};
			name = Release;
		};
/* End XCBuildConfiguration section */

/* Begin XCConfigurationList section */
		6DBDD0AE1D9B8396002DA8E4 /* Build configuration list for PBXProject "pokedex" */ = {
			isa = XCConfigurationList;
			buildConfigurations = (
				6DBDD0C31D9B8396002DA8E4 /* Debug */,
				6DBDD0C41D9B8396002DA8E4 /* Release */,
			);
			defaultConfigurationIsVisible = 0;
			defaultConfigurationName = Release;
		};
		6DBDD0C51D9B8396002DA8E4 /* Build configuration list for PBXNativeTarget "pokedex" */ = {
			isa = XCConfigurationList;
			buildConfigurations = (
				6DBDD0C61D9B8396002DA8E4 /* Debug */,
				6DBDD0C71D9B8396002DA8E4 /* Release */,
			);
			defaultConfigurationIsVisible = 0;
		};
/* End XCConfigurationList section */
	};
	rootObject = 6DBDD0AB1D9B8396002DA8E4 /* Project object */;
}
